{
  "nodes": {
    "home-manager": {
      "inputs": {
        "nixpkgs": [
          "nixpkgs"
        ]
      },
      "locked": {
        "lastModified": 1690970947,
        "narHash": "sha256-7vOE9NFsNhe3+cpgGZ9ZLuSIzE+b8oNutezmr8tI60w=",
        "owner": "nix-community",
        "repo": "home-manager",
        "rev": "484a1c94424d296b15af3e6858f08b576b842ec2",
        "type": "github"
      },
      "original": {
        "owner": "nix-community",
        "repo": "home-manager",
        "type": "github"
      }
    },
    "is-lightmode": {
      "inputs": {
        "nixpkgs": [
          "nixpkgs"
        ]
      },
      "locked": {
        "lastModified": 1,
        "narHash": "sha256-dtsHxos9P6C6IhmKfX/sY/ObZnfZazysThC0rqDLUx4=",
        "path": "./scripts/is-lightmode",
        "type": "path"
      },
      "original": {
        "path": "./scripts/is-lightmode",
        "type": "path"
      }
    },
    "nix-index-database": {
      "inputs": {
        "nixpkgs": [
          "nixpkgs"
        ]
      },
      "locked": {
        "lastModified": 1690687539,
        "narHash": "sha256-Lnwz9XKtshm+5OeWqCbj/3tKuKK+DL5tUTdKSRrKBlY=",
        "owner": "Mic92",
        "repo": "nix-index-database",
        "rev": "d74b8171153ae35d7d323a9b1ad6c4cf7a995591",
        "type": "github"
      },
      "original": {
        "owner": "Mic92",
        "repo": "nix-index-database",
        "type": "github"
      }
    },
    "nixpkgs": {
      "locked": {
        "lastModified": 1690881714,
        "narHash": "sha256-h/nXluEqdiQHs1oSgkOOWF+j8gcJMWhwnZ9PFabN6q0=",
        "owner": "nixos",
        "repo": "nixpkgs",
        "rev": "9e1960bc196baf6881340d53dccb203a951745a2",
        "type": "github"
      },
      "original": {
        "owner": "nixos",
        "ref": "nixos-unstable",
        "repo": "nixpkgs",
        "type": "github"
      }
    },
    "nixpkgs-master": {
      "locked": {
        "lastModified": 1690979134,
        "narHash": "sha256-Gz1dCzEzBoNUDzKG9wY+c2xrff/B+8p8/YGsdVAsATw=",
        "owner": "nixos",
        "repo": "nixpkgs",
        "rev": "994acef06c5b3b0c1e523cff4cd895d7d1091d9b",
        "type": "github"
      },
      "original": {
        "owner": "nixos",
        "ref": "master",
        "repo": "nixpkgs",
        "type": "github"
      }
    },
    "root": {
      "inputs": {
        "home-manager": "home-manager",
        "is-lightmode": "is-lightmode",
        "nix-index-database": "nix-index-database",
        "nixpkgs": "nixpkgs",
        "nixpkgs-master": "nixpkgs-master"
      }
    }
  },
  "root": "root",
  "version": 7
}
