{
  "nodes": {
    "home-manager": {
      "inputs": {
        "nixpkgs": [
          "nixpkgs"
        ]
      },
      "locked": {
        "lastModified": 1691506824,
        "narHash": "sha256-Z2Ms7036CCEAfCmDBDy+sFauO6/7fx2UN3aoPCpp4tA=",
        "owner": "nix-community",
        "repo": "home-manager",
        "rev": "7b8d43fbaf8450c30caaed5eab876897d0af891b",
        "type": "github"
      },
      "original": {
        "owner": "nix-community",
        "repo": "home-manager",
        "type": "github"
      }
    },
    "nix-index-database": {
      "inputs": {
        "nixpkgs": [
          "nixpkgs"
        ]
      },
      "locked": {
        "lastModified": 1691292840,
        "narHash": "sha256-NA+o/NoOOQhzAQwB2JpeKoG+iYQ6yn/XXVxaGd5HSQI=",
        "owner": "Mic92",
        "repo": "nix-index-database",
        "rev": "6c626d54d0414d34c771c0f6f9d771bc8aaaa3c4",
        "type": "github"
      },
      "original": {
        "owner": "Mic92",
        "repo": "nix-index-database",
        "type": "github"
      }
    },
    "nixpkgs": {
      "locked": {
        "lastModified": 1691472822,
        "narHash": "sha256-XVfYZ2oB3lNPVq6sHCY9WkdQ8lHoIDzzbpg8bB6oBxA=",
        "owner": "nixos",
        "repo": "nixpkgs",
        "rev": "41c7605718399dcfa53dd7083793b6ae3bc969ff",
        "type": "github"
      },
      "original": {
        "owner": "nixos",
        "ref": "nixos-unstable",
        "repo": "nixpkgs",
        "type": "github"
      }
    },
    "nixpkgs-master": {
      "locked": {
        "lastModified": 1691586853,
        "narHash": "sha256-GOcGaKEEQcXGj6/W/v7vDKZfp/y6d9m+voGWFSG9jK4=",
        "owner": "nixos",
        "repo": "nixpkgs",
        "rev": "ea6e5c07302b8a574fbeef6e0e8d6be53a154f38",
        "type": "github"
      },
      "original": {
        "owner": "nixos",
        "ref": "master",
        "repo": "nixpkgs",
        "type": "github"
      }
    },
    "root": {
      "inputs": {
        "home-manager": "home-manager",
        "nix-index-database": "nix-index-database",
        "nixpkgs": "nixpkgs",
        "nixpkgs-master": "nixpkgs-master"
      }
    }
  },
  "root": "root",
  "version": 7
}
